
Microsoft Visual Studio Solution File, Format Version 12.00
# Visual Studio Version 17
VisualStudioVersion = 17.13.35931.197
MinimumVisualStudioVersion = 10.0.40219.1
Project("{FAE04EC0-301F-11D3-BF4B-00C04F79EFBC}") = "AM.Domain", "AM.Domain\AM.Domain.csproj", "{C2AA8D5B-5186-4995-A7BC-8C6A89373571}"
EndProject
Project("{2150E333-8FDC-42A3-9474-1A3956D46DE8}") = "Solution items", "Solution items", "{02EA681E-C7D8-13C7-8484-4AC65E1B71E8}"
	ProjectSection(SolutionItems) = preProject
		Directory.Build.props = Directory.Build.props
		Directory.Packages.props = Directory.Packages.props
	EndProjectSection
EndProject
Project("{FAE04EC0-301F-11D3-BF4B-00C04F79EFBC}") = "AM.Infrastructure", "AM.Infrastructure\AM.Infrastructure.csproj", "{F33DD05B-25FF-4483-876F-51BB5E3566C0}"
EndProject
Project("{FAE04EC0-301F-11D3-BF4B-00C04F79EFBC}") = "AM.Application", "AM.Application\AM.Application.csproj", "{F5E2CC68-F576-4641-A009-71F03F41B74A}"
EndProject
Project("{2150E333-8FDC-42A3-9474-1A3956D46DE8}") = "src", "src", "{2360093C-FAFA-49F9-860F-8F6DF6BD7C1B}"
EndProject
Project("{2150E333-8FDC-42A3-9474-1A3956D46DE8}") = "API", "API", "{346A7B30-F632-49FB-964D-8AF72CFED014}"
EndProject
Project("{2150E333-8FDC-42A3-9474-1A3956D46DE8}") = "Application", "Application", "{E9A78AD0-AE59-4621-A06C-D0DF73D9A735}"
EndProject
Project("{2150E333-8FDC-42A3-9474-1A3956D46DE8}") = "Domain", "Domain", "{EEA11D27-8E38-4013-BC2C-335FB6FA9142}"
EndProject
Project("{2150E333-8FDC-42A3-9474-1A3956D46DE8}") = "Infrastructure", "Infrastructure", "{B513F739-ABD7-46DD-A375-56D3FF74183B}"
EndProject
Project("{FAE04EC0-301F-11D3-BF4B-00C04F79EFBC}") = "AM.API", "AM.API\AM.API.csproj", "{2D611101-77BA-343C-515F-EC1E7C8B6706}"
EndProject
Project("{2150E333-8FDC-42A3-9474-1A3956D46DE8}") = "Jobs", "Jobs", "{02FA360F-BB16-4F52-BE3B-C24B71C216DC}"
EndProject
Project("{FAE04EC0-301F-11D3-BF4B-00C04F79EFBC}") = "AM.JobScheduler", "src\Jobs\AM.JobScheduler\AM.JobScheduler.csproj", "{7474E464-1733-4596-91DA-2C5DA407C332}"
EndProject
Global
	GlobalSection(SolutionConfigurationPlatforms) = preSolution
		Debug|Any CPU = Debug|Any CPU
		Release|Any CPU = Release|Any CPU
	EndGlobalSection
	GlobalSection(ProjectConfigurationPlatforms) = postSolution
		{C2AA8D5B-5186-4995-A7BC-8C6A89373571}.Debug|Any CPU.ActiveCfg = Debug|Any CPU
		{C2AA8D5B-5186-4995-A7BC-8C6A89373571}.Debug|Any CPU.Build.0 = Debug|Any CPU
		{C2AA8D5B-5186-4995-A7BC-8C6A89373571}.Release|Any CPU.ActiveCfg = Release|Any CPU
		{C2AA8D5B-5186-4995-A7BC-8C6A89373571}.Release|Any CPU.Build.0 = Release|Any CPU
		{F33DD05B-25FF-4483-876F-51BB5E3566C0}.Debug|Any CPU.ActiveCfg = Debug|Any CPU
		{F33DD05B-25FF-4483-876F-51BB5E3566C0}.Debug|Any CPU.Build.0 = Debug|Any CPU
		{F33DD05B-25FF-4483-876F-51BB5E3566C0}.Release|Any CPU.ActiveCfg = Release|Any CPU
		{F33DD05B-25FF-4483-876F-51BB5E3566C0}.Release|Any CPU.Build.0 = Release|Any CPU
		{F5E2CC68-F576-4641-A009-71F03F41B74A}.Debug|Any CPU.ActiveCfg = Debug|Any CPU
		{F5E2CC68-F576-4641-A009-71F03F41B74A}.Debug|Any CPU.Build.0 = Debug|Any CPU
		{F5E2CC68-F576-4641-A009-71F03F41B74A}.Release|Any CPU.ActiveCfg = Release|Any CPU
		{F5E2CC68-F576-4641-A009-71F03F41B74A}.Release|Any CPU.Build.0 = Release|Any CPU
		{2D611101-77BA-343C-515F-EC1E7C8B6706}.Debug|Any CPU.ActiveCfg = Debug|Any CPU
		{2D611101-77BA-343C-515F-EC1E7C8B6706}.Debug|Any CPU.Build.0 = Debug|Any CPU
		{2D611101-77BA-343C-515F-EC1E7C8B6706}.Release|Any CPU.ActiveCfg = Release|Any CPU
		{2D611101-77BA-343C-515F-EC1E7C8B6706}.Release|Any CPU.Build.0 = Release|Any CPU
		{7474E464-1733-4596-91DA-2C5DA407C332}.Debug|Any CPU.ActiveCfg = Debug|Any CPU
		{7474E464-1733-4596-91DA-2C5DA407C332}.Debug|Any CPU.Build.0 = Debug|Any CPU
		{7474E464-1733-4596-91DA-2C5DA407C332}.Release|Any CPU.ActiveCfg = Release|Any CPU
		{7474E464-1733-4596-91DA-2C5DA407C332}.Release|Any CPU.Build.0 = Release|Any CPU
	EndGlobalSection
	GlobalSection(SolutionProperties) = preSolution
		HideSolutionNode = FALSE
	EndGlobalSection
	GlobalSection(NestedProjects) = preSolution
		{C2AA8D5B-5186-4995-A7BC-8C6A89373571} = {EEA11D27-8E38-4013-BC2C-335FB6FA9142}
		{F33DD05B-25FF-4483-876F-51BB5E3566C0} = {B513F739-ABD7-46DD-A375-56D3FF74183B}
		{F5E2CC68-F576-4641-A009-71F03F41B74A} = {E9A78AD0-AE59-4621-A06C-D0DF73D9A735}
		{346A7B30-F632-49FB-964D-8AF72CFED014} = {2360093C-FAFA-49F9-860F-8F6DF6BD7C1B}
		{E9A78AD0-AE59-4621-A06C-D0DF73D9A735} = {2360093C-FAFA-49F9-860F-8F6DF6BD7C1B}
		{EEA11D27-8E38-4013-BC2C-335FB6FA9142} = {2360093C-FAFA-49F9-860F-8F6DF6BD7C1B}
		{B513F739-ABD7-46DD-A375-56D3FF74183B} = {2360093C-FAFA-49F9-860F-8F6DF6BD7C1B}
		{2D611101-77BA-343C-515F-EC1E7C8B6706} = {346A7B30-F632-49FB-964D-8AF72CFED014}
		{02FA360F-BB16-4F52-BE3B-C24B71C216DC} = {2360093C-FAFA-49F9-860F-8F6DF6BD7C1B}
		{7474E464-1733-4596-91DA-2C5DA407C332} = {02FA360F-BB16-4F52-BE3B-C24B71C216DC}
	EndGlobalSection
	GlobalSection(ExtensibilityGlobals) = postSolution
		SolutionGuid = {1CA18F58-39BC-430D-8F3B-A8908B2A7518}
	EndGlobalSection
EndGlobal
